
Microsoft Visual Studio Solution File, Format Version 12.00
# Visual Studio Version 17
VisualStudioVersion = 17.9.34728.123
MinimumVisualStudioVersion = 10.0.40219.1
Project("{FAE04EC0-301F-11D3-BF4B-00C04F79EFBC}") = "Transacciones_en_un_Cajero_Automático", "Transacciones_en_un_Cajero_Automático\Transacciones_en_un_Cajero_Automático.csproj", "{8C9B9F8F-E243-4735-B396-7BD2382066E6}"
EndProject
Global
	GlobalSection(SolutionConfigurationPlatforms) = preSolution
		Debug|Any CPU = Debug|Any CPU
		Release|Any CPU = Release|Any CPU
	EndGlobalSection
	GlobalSection(ProjectConfigurationPlatforms) = postSolution
		{8C9B9F8F-E243-4735-B396-7BD2382066E6}.Debug|Any CPU.ActiveCfg = Debug|Any CPU
		{8C9B9F8F-E243-4735-B396-7BD2382066E6}.Debug|Any CPU.Build.0 = Debug|Any CPU
		{8C9B9F8F-E243-4735-B396-7BD2382066E6}.Release|Any CPU.ActiveCfg = Release|Any CPU
		{8C9B9F8F-E243-4735-B396-7BD2382066E6}.Release|Any CPU.Build.0 = Release|Any CPU
	EndGlobalSection
	GlobalSection(SolutionProperties) = preSolution
		HideSolutionNode = FALSE
	EndGlobalSection
	GlobalSection(ExtensibilityGlobals) = postSolution
		SolutionGuid = {0F192C3A-8C87-42B2-BAEC-B3477AAB8CA5}
	EndGlobalSection
EndGlobal
